
Microsoft Visual Studio Solution File, Format Version 12.00
# Visual Studio Version 17
VisualStudioVersion = 17.7.34031.279
MinimumVisualStudioVersion = 10.0.40219.1
Project("{FAE04EC0-301F-11D3-BF4B-00C04F79EFBC}") = "Capsulation task", "Capsulation task.csproj", "{93A4B113-7287-4C47-BABB-EC485AD4BE9E}"
EndProject
Global
	GlobalSection(SolutionConfigurationPlatforms) = preSolution
		Debug|Any CPU = Debug|Any CPU
		Release|Any CPU = Release|Any CPU
	EndGlobalSection
	GlobalSection(ProjectConfigurationPlatforms) = postSolution
		{93A4B113-7287-4C47-BABB-EC485AD4BE9E}.Debug|Any CPU.ActiveCfg = Debug|Any CPU
		{93A4B113-7287-4C47-BABB-EC485AD4BE9E}.Debug|Any CPU.Build.0 = Debug|Any CPU
		{93A4B113-7287-4C47-BABB-EC485AD4BE9E}.Release|Any CPU.ActiveCfg = Release|Any CPU
		{93A4B113-7287-4C47-BABB-EC485AD4BE9E}.Release|Any CPU.Build.0 = Release|Any CPU
	EndGlobalSection
	GlobalSection(SolutionProperties) = preSolution
		HideSolutionNode = FALSE
	EndGlobalSection
	GlobalSection(ExtensibilityGlobals) = postSolution
		SolutionGuid = {EDF85FC3-00BB-4ACF-845F-AC4771FC847D}
	EndGlobalSection
EndGlobal
